
Microsoft Visual Studio Solution File, Format Version 12.00
# Visual Studio Version 16
VisualStudioVersion = 16.0.31205.134
MinimumVisualStudioVersion = 10.0.40219.1
Project("{8BC9CEB8-8B4A-11D0-8D11-00A0C91BC942}") = "VSCUDA_Test", "VSCUDA_Test.vcxproj", "{DA8B3F1F-7154-4A80-9D9D-F7A1248DDC70}"
EndProject
Global
	GlobalSection(SolutionConfigurationPlatforms) = preSolution
		Debug|x64 = Debug|x64
		Release|x64 = Release|x64
	EndGlobalSection
	GlobalSection(ProjectConfigurationPlatforms) = postSolution
		{DA8B3F1F-7154-4A80-9D9D-F7A1248DDC70}.Debug|x64.ActiveCfg = Debug|x64
		{DA8B3F1F-7154-4A80-9D9D-F7A1248DDC70}.Debug|x64.Build.0 = Debug|x64
		{DA8B3F1F-7154-4A80-9D9D-F7A1248DDC70}.Release|x64.ActiveCfg = Release|x64
		{DA8B3F1F-7154-4A80-9D9D-F7A1248DDC70}.Release|x64.Build.0 = Release|x64
	EndGlobalSection
	GlobalSection(SolutionProperties) = preSolution
		HideSolutionNode = FALSE
	EndGlobalSection
	GlobalSection(ExtensibilityGlobals) = postSolution
		SolutionGuid = {849201A7-47BE-4525-A86E-7CB451715EC7}
	EndGlobalSection
EndGlobal
